
Microsoft Visual Studio Solution File, Format Version 12.00
# Visual Studio Version 17
VisualStudioVersion = 17.8.34330.188
MinimumVisualStudioVersion = 10.0.40219.1
Project("{FAE04EC0-301F-11D3-BF4B-00C04F79EFBC}") = "AbstractFabric", "AbstractFabric.csproj", "{7C90DB25-2953-420A-9976-88762931B0DF}"
EndProject
Global
	GlobalSection(SolutionConfigurationPlatforms) = preSolution
		Debug|Any CPU = Debug|Any CPU
		Release|Any CPU = Release|Any CPU
	EndGlobalSection
	GlobalSection(ProjectConfigurationPlatforms) = postSolution
		{7C90DB25-2953-420A-9976-88762931B0DF}.Debug|Any CPU.ActiveCfg = Debug|Any CPU
		{7C90DB25-2953-420A-9976-88762931B0DF}.Debug|Any CPU.Build.0 = Debug|Any CPU
		{7C90DB25-2953-420A-9976-88762931B0DF}.Release|Any CPU.ActiveCfg = Release|Any CPU
		{7C90DB25-2953-420A-9976-88762931B0DF}.Release|Any CPU.Build.0 = Release|Any CPU
	EndGlobalSection
	GlobalSection(SolutionProperties) = preSolution
		HideSolutionNode = FALSE
	EndGlobalSection
	GlobalSection(ExtensibilityGlobals) = postSolution
		SolutionGuid = {CADA9F23-DB60-4E54-AF8A-17EC7CE65F0F}
	EndGlobalSection
EndGlobal
